# This file is generated by running "yarn install" inside your project.
# Manual changes might be lost - proceed with caution!

__metadata:
  version: 6
  cacheKey: 8

"chalk@npm:^5.2.0":
  version: 5.2.0
  resolution: "chalk@npm:5.2.0"
  checksum: 03d8060277de6cf2fd567dc25fcf770593eb5bb85f460ce443e49255a30ff1242edd0c90a06a03803b0466ff0687a939b41db1757bec987113e83de89a003caa
  languageName: node
  linkType: hard

"root-workspace-0b6124@workspace:.":
  version: 0.0.0-use.local
  resolution: "root-workspace-0b6124@workspace:."
  dependencies:
    chalk: ^5.2.0
    shadowizardy: ^1.0.0
  languageName: unknown
  linkType: soft

"shadowizardy@npm:^1.0.0":
  version: 1.0.0
  resolution: "shadowizardy@npm:1.0.0"
  checksum: 77f555aef968f05ea33706dc17d9768a647a002c2f44e06f978d57fdb06e9ec46866eb62dbf1d1957d273d63f01c08a82ac5c2256e521a18929973ceac083880
  languageName: node
  linkType: hard
